{
  "requires": true,
  "lockfileVersion": 1,
  "dependencies": {
    "bootstrap-select": {
      "version": "1.13.18",
      "resolved": "https://registry.npmjs.org/bootstrap-select/-/bootstrap-select-1.13.18.tgz",
      "integrity": "sha512-V1IzK4rxBq5FrJtkzSH6RmFLFBsjx50byFbfAf8jYyXROWs7ZpprGjdHeoyq2HSsHyjJhMMwjsQhRoYAfxCGow=="
    },
    "intl-tel-input": {
      "version": "17.0.8",
      "resolved": "https://registry.npmjs.org/intl-tel-input/-/intl-tel-input-17.0.8.tgz",
      "integrity": "sha512-Jf7IdNCSJrWMBbcLQJ8I3nVYnJ5xRODJhPa+0QFcTsg82E332DbMDKnzTBkEID4Q1I7Nf8+96WzmMveadRbxxg=="
    }
  }
}
